
Microsoft Visual Studio Solution File, Format Version 12.00
# Visual Studio Version 16
VisualStudioVersion = 16.0.30330.147
MinimumVisualStudioVersion = 10.0.40219.1
Project("{FAE04EC0-301F-11D3-BF4B-00C04F79EFBC}") = "OTP", "OTPTest\OTP.csproj", "{359DF9D6-F05C-465D-992D-EAAB53FFBEC0}"
EndProject
Global
	GlobalSection(SolutionConfigurationPlatforms) = preSolution
		Debug|Any CPU = Debug|Any CPU
		Release|Any CPU = Release|Any CPU
	EndGlobalSection
	GlobalSection(ProjectConfigurationPlatforms) = postSolution
		{359DF9D6-F05C-465D-992D-EAAB53FFBEC0}.Debug|Any CPU.ActiveCfg = Debug|Any CPU
		{359DF9D6-F05C-465D-992D-EAAB53FFBEC0}.Debug|Any CPU.Build.0 = Debug|Any CPU
		{359DF9D6-F05C-465D-992D-EAAB53FFBEC0}.Release|Any CPU.ActiveCfg = Release|Any CPU
		{359DF9D6-F05C-465D-992D-EAAB53FFBEC0}.Release|Any CPU.Build.0 = Release|Any CPU
	EndGlobalSection
	GlobalSection(SolutionProperties) = preSolution
		HideSolutionNode = FALSE
	EndGlobalSection
	GlobalSection(ExtensibilityGlobals) = postSolution
		SolutionGuid = {82784B2A-E67F-498C-A538-6D11B2B37536}
	EndGlobalSection
EndGlobal
